
Microsoft Visual Studio Solution File, Format Version 12.00
# Visual Studio 15
VisualStudioVersion = 15.0.28010.2046
MinimumVisualStudioVersion = 10.0.40219.1
Project("{FAE04EC0-301F-11D3-BF4B-00C04F79EFBC}") = "Replicate.Service", "Replicate.Service\Replicate.Service.csproj", "{879B6687-6E27-4063-AA18-79A368980108}"
EndProject
Project("{FAE04EC0-301F-11D3-BF4B-00C04F79EFBC}") = "Replicate.TraceManager", "Replicate.TraceManager\Replicate.TraceManager.csproj", "{84479D8F-68EE-46D7-9CCF-978117341E71}"
EndProject
Project("{FAE04EC0-301F-11D3-BF4B-00C04F79EFBC}") = "Replicate.Business", "Replicate.Business\Replicate.Business.csproj", "{2EA8C548-9BBE-4E5A-98D3-AFEE1E96192F}"
EndProject
Global
	GlobalSection(SolutionConfigurationPlatforms) = preSolution
		Debug|Any CPU = Debug|Any CPU
		Release|Any CPU = Release|Any CPU
	EndGlobalSection
	GlobalSection(ProjectConfigurationPlatforms) = postSolution
		{879B6687-6E27-4063-AA18-79A368980108}.Debug|Any CPU.ActiveCfg = Debug|Any CPU
		{879B6687-6E27-4063-AA18-79A368980108}.Debug|Any CPU.Build.0 = Debug|Any CPU
		{879B6687-6E27-4063-AA18-79A368980108}.Release|Any CPU.ActiveCfg = Release|Any CPU
		{879B6687-6E27-4063-AA18-79A368980108}.Release|Any CPU.Build.0 = Release|Any CPU
		{84479D8F-68EE-46D7-9CCF-978117341E71}.Debug|Any CPU.ActiveCfg = Debug|Any CPU
		{84479D8F-68EE-46D7-9CCF-978117341E71}.Debug|Any CPU.Build.0 = Debug|Any CPU
		{84479D8F-68EE-46D7-9CCF-978117341E71}.Release|Any CPU.ActiveCfg = Release|Any CPU
		{84479D8F-68EE-46D7-9CCF-978117341E71}.Release|Any CPU.Build.0 = Release|Any CPU
		{2EA8C548-9BBE-4E5A-98D3-AFEE1E96192F}.Debug|Any CPU.ActiveCfg = Debug|Any CPU
		{2EA8C548-9BBE-4E5A-98D3-AFEE1E96192F}.Debug|Any CPU.Build.0 = Debug|Any CPU
		{2EA8C548-9BBE-4E5A-98D3-AFEE1E96192F}.Release|Any CPU.ActiveCfg = Release|Any CPU
		{2EA8C548-9BBE-4E5A-98D3-AFEE1E96192F}.Release|Any CPU.Build.0 = Release|Any CPU
	EndGlobalSection
	GlobalSection(SolutionProperties) = preSolution
		HideSolutionNode = FALSE
	EndGlobalSection
	GlobalSection(ExtensibilityGlobals) = postSolution
		SolutionGuid = {676C89B7-556F-4A9C-8458-C0A56F1CCFF5}
	EndGlobalSection
EndGlobal
